
Microsoft Visual Studio Solution File, Format Version 12.00
# Visual Studio Version 17
VisualStudioVersion = 17.7.34202.233
MinimumVisualStudioVersion = 10.0.40219.1
Project("{FAE04EC0-301F-11D3-BF4B-00C04F79EFBC}") = "ShoppingApp", "ShoppingApp\ShoppingApp.csproj", "{F5758CFE-4BD3-49EC-B781-DD1E36178B3E}"
EndProject
Project("{FAE04EC0-301F-11D3-BF4B-00C04F79EFBC}") = "ShoppingModelLibrary", "ShoppingModelLibrary\ShoppingModelLibrary.csproj", "{E241964C-064F-4277-980E-8ABAC8F07A31}"
EndProject
Project("{FAE04EC0-301F-11D3-BF4B-00C04F79EFBC}") = "ShoppingDALLibrary", "ShoppingDALLibrary\ShoppingDALLibrary.csproj", "{BEDE5408-3C7E-40BD-B1B9-8310A2579DC6}"
EndProject
Project("{FAE04EC0-301F-11D3-BF4B-00C04F79EFBC}") = "ShoppingBLLibrary", "ShoppingDLLibrary\ShoppingBLLibrary.csproj", "{7F6C75D8-6E1E-4F73-A8A5-4181ED39B895}"
EndProject
Global
	GlobalSection(SolutionConfigurationPlatforms) = preSolution
		Debug|Any CPU = Debug|Any CPU
		Release|Any CPU = Release|Any CPU
	EndGlobalSection
	GlobalSection(ProjectConfigurationPlatforms) = postSolution
		{F5758CFE-4BD3-49EC-B781-DD1E36178B3E}.Debug|Any CPU.ActiveCfg = Debug|Any CPU
		{F5758CFE-4BD3-49EC-B781-DD1E36178B3E}.Debug|Any CPU.Build.0 = Debug|Any CPU
		{F5758CFE-4BD3-49EC-B781-DD1E36178B3E}.Release|Any CPU.ActiveCfg = Release|Any CPU
		{F5758CFE-4BD3-49EC-B781-DD1E36178B3E}.Release|Any CPU.Build.0 = Release|Any CPU
		{E241964C-064F-4277-980E-8ABAC8F07A31}.Debug|Any CPU.ActiveCfg = Debug|Any CPU
		{E241964C-064F-4277-980E-8ABAC8F07A31}.Debug|Any CPU.Build.0 = Debug|Any CPU
		{E241964C-064F-4277-980E-8ABAC8F07A31}.Release|Any CPU.ActiveCfg = Release|Any CPU
		{E241964C-064F-4277-980E-8ABAC8F07A31}.Release|Any CPU.Build.0 = Release|Any CPU
		{BEDE5408-3C7E-40BD-B1B9-8310A2579DC6}.Debug|Any CPU.ActiveCfg = Debug|Any CPU
		{BEDE5408-3C7E-40BD-B1B9-8310A2579DC6}.Debug|Any CPU.Build.0 = Debug|Any CPU
		{BEDE5408-3C7E-40BD-B1B9-8310A2579DC6}.Release|Any CPU.ActiveCfg = Release|Any CPU
		{BEDE5408-3C7E-40BD-B1B9-8310A2579DC6}.Release|Any CPU.Build.0 = Release|Any CPU
		{7F6C75D8-6E1E-4F73-A8A5-4181ED39B895}.Debug|Any CPU.ActiveCfg = Debug|Any CPU
		{7F6C75D8-6E1E-4F73-A8A5-4181ED39B895}.Debug|Any CPU.Build.0 = Debug|Any CPU
		{7F6C75D8-6E1E-4F73-A8A5-4181ED39B895}.Release|Any CPU.ActiveCfg = Release|Any CPU
		{7F6C75D8-6E1E-4F73-A8A5-4181ED39B895}.Release|Any CPU.Build.0 = Release|Any CPU
	EndGlobalSection
	GlobalSection(SolutionProperties) = preSolution
		HideSolutionNode = FALSE
	EndGlobalSection
	GlobalSection(ExtensibilityGlobals) = postSolution
		SolutionGuid = {5990F8F4-B215-4F7A-B557-CD76D78AD4AD}
	EndGlobalSection
EndGlobal
